// !$*UTF8*$!
{
	archiveVersion = 1;
	classes = {
	};
	objectVersion = 50;
	objects = {

/* Begin PBXBuildFile section */
		D913C8DB20B47A8A004E672C /* AppDelegate.swift in Sources */ = {isa = PBXBuildFile; fileRef = D913C8DA20B47A8A004E672C /* AppDelegate.swift */; };
		D913C8DD20B47A8A004E672C /* ViewController.swift in Sources */ = {isa = PBXBuildFile; fileRef = D913C8DC20B47A8A004E672C /* ViewController.swift */; };
		D913C8E020B47A8A004E672C /* Main.storyboard in Resources */ = {isa = PBXBuildFile; fileRef = D913C8DE20B47A8A004E672C /* Main.storyboard */; };
		D913C8E220B47A8C004E672C /* Assets.xcassets in Resources */ = {isa = PBXBuildFile; fileRef = D913C8E120B47A8C004E672C /* Assets.xcassets */; };
		D913C8E520B47A8C004E672C /* LaunchScreen.storyboard in Resources */ = {isa = PBXBuildFile; fileRef = D913C8E320B47A8C004E672C /* LaunchScreen.storyboard */; };
		D913C8ED20B47B21004E672C /* MusicViewController.swift in Sources */ = {isa = PBXBuildFile; fileRef = D913C8EC20B47B21004E672C /* MusicViewController.swift */; };
		D913C8EF20B47B33004E672C /* VideoViewController.swift in Sources */ = {isa = PBXBuildFile; fileRef = D913C8EE20B47B33004E672C /* VideoViewController.swift */; };
		D913C8F120B480C5004E672C /* Post_malone_Stay.mp3 in Resources */ = {isa = PBXBuildFile; fileRef = D913C8F020B480C4004E672C /* Post_malone_Stay.mp3 */; };
/* End PBXBuildFile section */

/* Begin PBXFileReference section */
		D913C8D720B47A8A004E672C /* MediaPlayer.app */ = {isa = PBXFileReference; explicitFileType = wrapper.application; includeInIndex = 0; path = MediaPlayer.app; sourceTree = BUILT_PRODUCTS_DIR; };
		D913C8DA20B47A8A004E672C /* AppDelegate.swift */ = {isa = PBXFileReference; lastKnownFileType = sourcecode.swift; path = AppDelegate.swift; sourceTree = "<group>"; };
		D913C8DC20B47A8A004E672C /* ViewController.swift */ = {isa = PBXFileReference; lastKnownFileType = sourcecode.swift; path = ViewController.swift; sourceTree = "<group>"; };
		D913C8DF20B47A8A004E672C /* Base */ = {isa = PBXFileReference; lastKnownFileType = file.storyboard; name = Base; path = Base.lproj/Main.storyboard; sourceTree = "<group>"; };
		D913C8E120B47A8C004E672C /* Assets.xcassets */ = {isa = PBXFileReference; lastKnownFileType = folder.assetcatalog; path = Assets.xcassets; sourceTree = "<group>"; };
		D913C8E420B47A8C004E672C /* Base */ = {isa = PBXFileReference; lastKnownFileType = file.storyboard; name = Base; path = Base.lproj/LaunchScreen.storyboard; sourceTree = "<group>"; };
		D913C8E620B47A8C004E672C /* Info.plist */ = {isa = PBXFileReference; lastKnownFileType = text.plist.xml; path = Info.plist; sourceTree = "<group>"; };
		D913C8EC20B47B21004E672C /* MusicViewController.swift */ = {isa = PBXFileReference; lastKnownFileType = sourcecode.swift; path = MusicViewController.swift; sourceTree = "<group>"; };
		D913C8EE20B47B33004E672C /* VideoViewController.swift */ = {isa = PBXFileReference; lastKnownFileType = sourcecode.swift; path = VideoViewController.swift; sourceTree = "<group>"; };
		D913C8F020B480C4004E672C /* Post_malone_Stay.mp3 */ = {isa = PBXFileReference; lastKnownFileType = audio.mp3; path = Post_malone_Stay.mp3; sourceTree = "<group>"; };
		D913C8F220B4A9EE004E672C /* video.mp4 */ = {isa = PBXFileReference; lastKnownFileType = file; path = video.mp4; sourceTree = "<group>"; };
/* End PBXFileReference section */

/* Begin PBXFrameworksBuildPhase section */
		D913C8D420B47A89004E672C /* Frameworks */ = {
			isa = PBXFrameworksBuildPhase;
			buildActionMask = 2147483647;
			files = (
			);
			runOnlyForDeploymentPostprocessing = 0;
		};
/* End PBXFrameworksBuildPhase section */

/* Begin PBXGroup section */
		D913C8CE20B47A89004E672C = {
			isa = PBXGroup;
			children = (
				D913C8D920B47A8A004E672C /* MediaPlayer */,
				D913C8D820B47A8A004E672C /* Products */,
			);
			sourceTree = "<group>";
		};
		D913C8D820B47A8A004E672C /* Products */ = {
			isa = PBXGroup;
			children = (
				D913C8D720B47A8A004E672C /* MediaPlayer.app */,
			);
			name = Products;
			sourceTree = "<group>";
		};
		D913C8D920B47A8A004E672C /* MediaPlayer */ = {
			isa = PBXGroup;
			children = (
				D913C8F220B4A9EE004E672C /* video.mp4 */,
				D913C8F020B480C4004E672C /* Post_malone_Stay.mp3 */,
				D913C8DA20B47A8A004E672C /* AppDelegate.swift */,
				D913C8DC20B47A8A004E672C /* ViewController.swift */,
				D913C8EE20B47B33004E672C /* VideoViewController.swift */,
				D913C8EC20B47B21004E672C /* MusicViewController.swift */,
				D913C8DE20B47A8A004E672C /* Main.storyboard */,
				D913C8E120B47A8C004E672C /* Assets.xcassets */,
				D913C8E320B47A8C004E672C /* LaunchScreen.storyboard */,
				D913C8E620B47A8C004E672C /* Info.plist */,
			);
			path = MediaPlayer;
			sourceTree = "<group>";
		};
/* End PBXGroup section */

/* Begin PBXNativeTarget section */
		D913C8D620B47A89004E672C /* MediaPlayer */ = {
			isa = PBXNativeTarget;
			buildConfigurationList = D913C8E920B47A8C004E672C /* Build configuration list for PBXNativeTarget "MediaPlayer" */;
			buildPhases = (
				D913C8D320B47A89004E672C /* Sources */,
				D913C8D420B47A89004E672C /* Frameworks */,
				D913C8D520B47A89004E672C /* Resources */,
			);
			buildRules = (
			);
			dependencies = (
			);
			name = MediaPlayer;
			productName = MediaPlayer;
			productReference = D913C8D720B47A8A004E672C /* MediaPlayer.app */;
			productType = "com.apple.product-type.application";
		};
/* End PBXNativeTarget section */

/* Begin PBXProject section */
		D913C8CF20B47A89004E672C /* Project object */ = {
			isa = PBXProject;
			attributes = {
				LastSwiftUpdateCheck = 0930;
				LastUpgradeCheck = 0930;
				ORGANIZATIONNAME = "Тимур Кошевой";
				TargetAttributes = {
					D913C8D620B47A89004E672C = {
						CreatedOnToolsVersion = 9.3;
					};
				};
			};
			buildConfigurationList = D913C8D220B47A89004E672C /* Build configuration list for PBXProject "MediaPlayer" */;
			compatibilityVersion = "Xcode 9.3";
			developmentRegion = en;
			hasScannedForEncodings = 0;
			knownRegions = (
				en,
				Base,
			);
			mainGroup = D913C8CE20B47A89004E672C;
			productRefGroup = D913C8D820B47A8A004E672C /* Products */;
			projectDirPath = "";
			projectRoot = "";
			targets = (
				D913C8D620B47A89004E672C /* MediaPlayer */,
			);
		};
/* End PBXProject section */

/* Begin PBXResourcesBuildPhase section */
		D913C8D520B47A89004E672C /* Resources */ = {
			isa = PBXResourcesBuildPhase;
			buildActionMask = 2147483647;
			files = (
				D913C8E520B47A8C004E672C /* LaunchScreen.storyboard in Resources */,
				D913C8E220B47A8C004E672C /* Assets.xcassets in Resources */,
				D913C8F120B480C5004E672C /* Post_malone_Stay.mp3 in Resources */,
				D913C8E020B47A8A004E672C /* Main.storyboard in Resources */,
			);
			runOnlyForDeploymentPostprocessing = 0;
		};
/* End PBXResourcesBuildPhase section */

/* Begin PBXSourcesBuildPhase section */
		D913C8D320B47A89004E672C /* Sources */ = {
			isa = PBXSourcesBuildPhase;
			buildActionMask = 2147483647;
			files = (
				D913C8ED20B47B21004E672C /* MusicViewController.swift in Sources */,
				D913C8DD20B47A8A004E672C /* ViewController.swift in Sources */,
				D913C8EF20B47B33004E672C /* VideoViewController.swift in Sources */,
				D913C8DB20B47A8A004E672C /* AppDelegate.swift in Sources */,
			);
			runOnlyForDeploymentPostprocessing = 0;
		};
/* End PBXSourcesBuildPhase section */

/* Begin PBXVariantGroup section */
		D913C8DE20B47A8A004E672C /* Main.storyboard */ = {
			isa = PBXVariantGroup;
			children = (
				D913C8DF20B47A8A004E672C /* Base */,
			);
			name = Main.storyboard;
			sourceTree = "<group>";
		};
		D913C8E320B47A8C004E672C /* LaunchScreen.storyboard */ = {
			isa = PBXVariantGroup;
			children = (
				D913C8E420B47A8C004E672C /* Base */,
			);
			name = LaunchScreen.storyboard;
			sourceTree = "<group>";
		};
/* End PBXVariantGroup section */

/* Begin XCBuildConfiguration section */
		D913C8E720B47A8C004E672C /* Debug */ = {
			isa = XCBuildConfiguration;
			buildSettings = {
				ALWAYS_SEARCH_USER_PATHS = NO;
				CLANG_ANALYZER_NONNULL = YES;
				CLANG_ANALYZER_NUMBER_OBJECT_CONVERSION = YES_AGGRESSIVE;
				CLANG_CXX_LANGUAGE_STANDARD = "gnu++14";
				CLANG_CXX_LIBRARY = "libc++";
				CLANG_ENABLE_MODULES = YES;
				CLANG_ENABLE_OBJC_ARC = YES;
				CLANG_ENABLE_OBJC_WEAK = YES;
				CLANG_WARN_BLOCK_CAPTURE_AUTORELEASING = YES;
				CLANG_WARN_BOOL_CONVERSION = YES;
				CLANG_WARN_COMMA = YES;
				CLANG_WARN_CONSTANT_CONVERSION = YES;
				CLANG_WARN_DEPRECATED_OBJC_IMPLEMENTATIONS = YES;
				CLANG_WARN_DIRECT_OBJC_ISA_USAGE = YES_ERROR;
				CLANG_WARN_DOCUMENTATION_COMMENTS = YES;
				CLANG_WARN_EMPTY_BODY = YES;
				CLANG_WARN_ENUM_CONVERSION = YES;
				CLANG_WARN_INFINITE_RECURSION = YES;
				CLANG_WARN_INT_CONVERSION = YES;
				CLANG_WARN_NON_LITERAL_NULL_CONVERSION = YES;
				CLANG_WARN_OBJC_IMPLICIT_RETAIN_SELF = YES;
				CLANG_WARN_OBJC_LITERAL_CONVERSION = YES;
				CLANG_WARN_OBJC_ROOT_CLASS = YES_ERROR;
				CLANG_WARN_RANGE_LOOP_ANALYSIS = YES;
				CLANG_WARN_STRICT_PROTOTYPES = YES;
				CLANG_WARN_SUSPICIOUS_MOVE = YES;
				CLANG_WARN_UNGUARDED_AVAILABILITY = YES_AGGRESSIVE;
				CLANG_WARN_UNREACHABLE_CODE = YES;
				CLANG_WARN__DUPLICATE_METHOD_MATCH = YES;
				CODE_SIGN_IDENTITY = "iPhone Developer";
				COPY_PHASE_STRIP = NO;
				DEBUG_INFORMATION_FORMAT = dwarf;
				ENABLE_STRICT_OBJC_MSGSEND = YES;
				ENABLE_TESTABILITY = YES;
				GCC_C_LANGUAGE_STANDARD = gnu11;
				GCC_DYNAMIC_NO_PIC = NO;
				GCC_NO_COMMON_BLOCKS = YES;
				GCC_OPTIMIZATION_LEVEL = 0;
				GCC_PREPROCESSOR_DEFINITIONS = (
					"DEBUG=1",
					"$(inherited)",
				);
				GCC_WARN_64_TO_32_BIT_CONVERSION = YES;
				GCC_WARN_ABOUT_RETURN_TYPE = YES_ERROR;
				GCC_WARN_UNDECLARED_SELECTOR = YES;
				GCC_WARN_UNINITIALIZED_AUTOS = YES_AGGRESSIVE;
				GCC_WARN_UNUSED_FUNCTION = YES;
				GCC_WARN_UNUSED_VARIABLE = YES;
				IPHONEOS_DEPLOYMENT_TARGET = 11.3;
				MTL_ENABLE_DEBUG_INFO = YES;
				ONLY_ACTIVE_ARCH = YES;
				SDKROOT = iphoneos;
				SWIFT_ACTIVE_COMPILATION_CONDITIONS = DEBUG;
				SWIFT_OPTIMIZATION_LEVEL = "-Onone";
			};
			name = Debug;
		};
		D913C8E820B47A8C004E672C /* Release */ = {
			isa = XCBuildConfiguration;
			buildSettings = {
				ALWAYS_SEARCH_USER_PATHS = NO;
				CLANG_ANALYZER_NONNULL = YES;
				CLANG_ANALYZER_NUMBER_OBJECT_CONVERSION = YES_AGGRESSIVE;
				CLANG_CXX_LANGUAGE_STANDARD = "gnu++14";
				CLANG_CXX_LIBRARY = "libc++";
				CLANG_ENABLE_MODULES = YES;
				CLANG_ENABLE_OBJC_ARC = YES;
				CLANG_ENABLE_OBJC_WEAK = YES;
				CLANG_WARN_BLOCK_CAPTURE_AUTORELEASING = YES;
				CLANG_WARN_BOOL_CONVERSION = YES;
				CLANG_WARN_COMMA = YES;
				CLANG_WARN_CONSTANT_CONVERSION = YES;
				CLANG_WARN_DEPRECATED_OBJC_IMPLEMENTATIONS = YES;
				CLANG_WARN_DIRECT_OBJC_ISA_USAGE = YES_ERROR;
				CLANG_WARN_DOCUMENTATION_COMMENTS = YES;
				CLANG_WARN_EMPTY_BODY = YES;
				CLANG_WARN_ENUM_CONVERSION = YES;
				CLANG_WARN_INFINITE_RECURSION = YES;
				CLANG_WARN_INT_CONVERSION = YES;
				CLANG_WARN_NON_LITERAL_NULL_CONVERSION = YES;
				CLANG_WARN_OBJC_IMPLICIT_RETAIN_SELF = YES;
				CLANG_WARN_OBJC_LITERAL_CONVERSION = YES;
				CLANG_WARN_OBJC_ROOT_CLASS = YES_ERROR;
				CLANG_WARN_RANGE_LOOP_ANALYSIS = YES;
				CLANG_WARN_STRICT_PROTOTYPES = YES;
				CLANG_WARN_SUSPICIOUS_MOVE = YES;
				CLANG_WARN_UNGUARDED_AVAILABILITY = YES_AGGRESSIVE;
				CLANG_WARN_UNREACHABLE_CODE = YES;
				CLANG_WARN__DUPLICATE_METHOD_MATCH = YES;
				CODE_SIGN_IDENTITY = "iPhone Developer";
				COPY_PHASE_STRIP = NO;
				DEBUG_INFORMATION_FORMAT = "dwarf-with-dsym";
				ENABLE_NS_ASSERTIONS = NO;
				ENABLE_STRICT_OBJC_MSGSEND = YES;
				GCC_C_LANGUAGE_STANDARD = gnu11;
				GCC_NO_COMMON_BLOCKS = YES;
				GCC_WARN_64_TO_32_BIT_CONVERSION = YES;
				GCC_WARN_ABOUT_RETURN_TYPE = YES_ERROR;
				GCC_WARN_UNDECLARED_SELECTOR = YES;
				GCC_WARN_UNINITIALIZED_AUTOS = YES_AGGRESSIVE;
				GCC_WARN_UNUSED_FUNCTION = YES;
				GCC_WARN_UNUSED_VARIABLE = YES;
				IPHONEOS_DEPLOYMENT_TARGET = 11.3;
				MTL_ENABLE_DEBUG_INFO = NO;
				SDKROOT = iphoneos;
				SWIFT_COMPILATION_MODE = wholemodule;
				SWIFT_OPTIMIZATION_LEVEL = "-O";
				VALIDATE_PRODUCT = YES;
			};
			name = Release;
		};
		D913C8EA20B47A8C004E672C /* Debug */ = {
			isa = XCBuildConfiguration;
			buildSettings = {
				ASSETCATALOG_COMPILER_APPICON_NAME = AppIcon;
				CODE_SIGN_STYLE = Automatic;
				DEVELOPMENT_TEAM = H9FL6Z93F8;
				INFOPLIST_FILE = MediaPlayer/Info.plist;
				LD_RUNPATH_SEARCH_PATHS = (
					"$(inherited)",
					"@executable_path/Frameworks",
				);
				PRODUCT_BUNDLE_IDENTIFIER = com.timur.MediaPlayer;
				PRODUCT_NAME = "$(TARGET_NAME)";
				SWIFT_VERSION = 4.0;
				TARGETED_DEVICE_FAMILY = "1,2";
			};
			name = Debug;
		};
		D913C8EB20B47A8C004E672C /* Release */ = {
			isa = XCBuildConfiguration;
			buildSettings = {
				ASSETCATALOG_COMPILER_APPICON_NAME = AppIcon;
				CODE_SIGN_STYLE = Automatic;
				DEVELOPMENT_TEAM = H9FL6Z93F8;
				INFOPLIST_FILE = MediaPlayer/Info.plist;
				LD_RUNPATH_SEARCH_PATHS = (
					"$(inherited)",
					"@executable_path/Frameworks",
				);
				PRODUCT_BUNDLE_IDENTIFIER = com.timur.MediaPlayer;
				PRODUCT_NAME = "$(TARGET_NAME)";
				SWIFT_VERSION = 4.0;
				TARGETED_DEVICE_FAMILY = "1,2";
			};
			name = Release;
		};
/* End XCBuildConfiguration section */

/* Begin XCConfigurationList section */
		D913C8D220B47A89004E672C /* Build configuration list for PBXProject "MediaPlayer" */ = {
			isa = XCConfigurationList;
			buildConfigurations = (
				D913C8E720B47A8C004E672C /* Debug */,
				D913C8E820B47A8C004E672C /* Release */,
			);
			defaultConfigurationIsVisible = 0;
			defaultConfigurationName = Release;
		};
		D913C8E920B47A8C004E672C /* Build configuration list for PBXNativeTarget "MediaPlayer" */ = {
			isa = XCConfigurationList;
			buildConfigurations = (
				D913C8EA20B47A8C004E672C /* Debug */,
				D913C8EB20B47A8C004E672C /* Release */,
			);
			defaultConfigurationIsVisible = 0;
			defaultConfigurationName = Release;
		};
/* End XCConfigurationList section */
	};
	rootObject = D913C8CF20B47A89004E672C /* Project object */;
}
