// !$*UTF8*$!
{
	archiveVersion = 1;
	classes = {
	};
	objectVersion = 50;
	objects = {

/* Begin PBXBuildFile section */
		D964FFAE207D430B00EF105E /* Cat.jpg in Resources */ = {isa = PBXBuildFile; fileRef = D964FFAD207D430B00EF105E /* Cat.jpg */; };
		D964FFB3207D450900EF105E /* Hamster.jpeg in Resources */ = {isa = PBXBuildFile; fileRef = D964FFAF207D450800EF105E /* Hamster.jpeg */; };
		D964FFB4207D450900EF105E /* Doge.jpeg in Resources */ = {isa = PBXBuildFile; fileRef = D964FFB0207D450800EF105E /* Doge.jpeg */; };
		D964FFB5207D450900EF105E /* Chupakabra.png in Resources */ = {isa = PBXBuildFile; fileRef = D964FFB1207D450800EF105E /* Chupakabra.png */; };
		D964FFB6207D450900EF105E /* Mouse.jpg in Resources */ = {isa = PBXBuildFile; fileRef = D964FFB2207D450900EF105E /* Mouse.jpg */; };
		D9B0B687207CDAE600B331B5 /* AppDelegate.swift in Sources */ = {isa = PBXBuildFile; fileRef = D9B0B686207CDAE600B331B5 /* AppDelegate.swift */; };
		D9B0B689207CDAE600B331B5 /* ViewController.swift in Sources */ = {isa = PBXBuildFile; fileRef = D9B0B688207CDAE600B331B5 /* ViewController.swift */; };
		D9B0B68C207CDAE600B331B5 /* Main.storyboard in Resources */ = {isa = PBXBuildFile; fileRef = D9B0B68A207CDAE600B331B5 /* Main.storyboard */; };
		D9B0B68E207CDAE800B331B5 /* Assets.xcassets in Resources */ = {isa = PBXBuildFile; fileRef = D9B0B68D207CDAE800B331B5 /* Assets.xcassets */; };
		D9B0B691207CDAE800B331B5 /* LaunchScreen.storyboard in Resources */ = {isa = PBXBuildFile; fileRef = D9B0B68F207CDAE800B331B5 /* LaunchScreen.storyboard */; };
		D9F185DA20AB707900C2DDEC /* ContentView.swift in Sources */ = {isa = PBXBuildFile; fileRef = D9F185D920AB707900C2DDEC /* ContentView.swift */; };
		D9F185DC20AB760400C2DDEC /* HomeViewController.swift in Sources */ = {isa = PBXBuildFile; fileRef = D9F185DB20AB760400C2DDEC /* HomeViewController.swift */; };
/* End PBXBuildFile section */

/* Begin PBXFileReference section */
		D964FFAD207D430B00EF105E /* Cat.jpg */ = {isa = PBXFileReference; lastKnownFileType = image.jpeg; path = Cat.jpg; sourceTree = "<group>"; };
		D964FFAF207D450800EF105E /* Hamster.jpeg */ = {isa = PBXFileReference; lastKnownFileType = image.jpeg; path = Hamster.jpeg; sourceTree = SOURCE_ROOT; };
		D964FFB0207D450800EF105E /* Doge.jpeg */ = {isa = PBXFileReference; lastKnownFileType = image.jpeg; path = Doge.jpeg; sourceTree = SOURCE_ROOT; };
		D964FFB1207D450800EF105E /* Chupakabra.png */ = {isa = PBXFileReference; lastKnownFileType = image.png; path = Chupakabra.png; sourceTree = SOURCE_ROOT; };
		D964FFB2207D450900EF105E /* Mouse.jpg */ = {isa = PBXFileReference; lastKnownFileType = image.jpeg; path = Mouse.jpg; sourceTree = SOURCE_ROOT; };
		D9B0B683207CDAE600B331B5 /* laba1MOB.app */ = {isa = PBXFileReference; explicitFileType = wrapper.application; includeInIndex = 0; path = laba1MOB.app; sourceTree = BUILT_PRODUCTS_DIR; };
		D9B0B686207CDAE600B331B5 /* AppDelegate.swift */ = {isa = PBXFileReference; lastKnownFileType = sourcecode.swift; path = AppDelegate.swift; sourceTree = "<group>"; };
		D9B0B688207CDAE600B331B5 /* ViewController.swift */ = {isa = PBXFileReference; lastKnownFileType = sourcecode.swift; path = ViewController.swift; sourceTree = "<group>"; };
		D9B0B68B207CDAE600B331B5 /* Base */ = {isa = PBXFileReference; lastKnownFileType = file.storyboard; name = Base; path = Base.lproj/Main.storyboard; sourceTree = "<group>"; };
		D9B0B68D207CDAE800B331B5 /* Assets.xcassets */ = {isa = PBXFileReference; lastKnownFileType = folder.assetcatalog; path = Assets.xcassets; sourceTree = "<group>"; };
		D9B0B690207CDAE800B331B5 /* Base */ = {isa = PBXFileReference; lastKnownFileType = file.storyboard; name = Base; path = Base.lproj/LaunchScreen.storyboard; sourceTree = "<group>"; };
		D9B0B692207CDAE800B331B5 /* Info.plist */ = {isa = PBXFileReference; lastKnownFileType = text.plist.xml; path = Info.plist; sourceTree = "<group>"; };
		D9F185D920AB707900C2DDEC /* ContentView.swift */ = {isa = PBXFileReference; lastKnownFileType = sourcecode.swift; path = ContentView.swift; sourceTree = "<group>"; };
		D9F185DB20AB760400C2DDEC /* HomeViewController.swift */ = {isa = PBXFileReference; lastKnownFileType = sourcecode.swift; path = HomeViewController.swift; sourceTree = "<group>"; };
/* End PBXFileReference section */

/* Begin PBXFrameworksBuildPhase section */
		D9B0B680207CDAE600B331B5 /* Frameworks */ = {
			isa = PBXFrameworksBuildPhase;
			buildActionMask = 2147483647;
			files = (
			);
			runOnlyForDeploymentPostprocessing = 0;
		};
/* End PBXFrameworksBuildPhase section */

/* Begin PBXGroup section */
		D9B0B67A207CDAE600B331B5 = {
			isa = PBXGroup;
			children = (
				D9B0B685207CDAE600B331B5 /* laba1MOB */,
				D9B0B684207CDAE600B331B5 /* Products */,
			);
			sourceTree = "<group>";
		};
		D9B0B684207CDAE600B331B5 /* Products */ = {
			isa = PBXGroup;
			children = (
				D9B0B683207CDAE600B331B5 /* laba1MOB.app */,
			);
			name = Products;
			sourceTree = "<group>";
		};
		D9B0B685207CDAE600B331B5 /* laba1MOB */ = {
			isa = PBXGroup;
			children = (
				D964FFB1207D450800EF105E /* Chupakabra.png */,
				D964FFB0207D450800EF105E /* Doge.jpeg */,
				D964FFAF207D450800EF105E /* Hamster.jpeg */,
				D964FFB2207D450900EF105E /* Mouse.jpg */,
				D964FFAD207D430B00EF105E /* Cat.jpg */,
				D9B0B686207CDAE600B331B5 /* AppDelegate.swift */,
				D9B0B688207CDAE600B331B5 /* ViewController.swift */,
				D9B0B68A207CDAE600B331B5 /* Main.storyboard */,
				D9F185DB20AB760400C2DDEC /* HomeViewController.swift */,
				D9F185D920AB707900C2DDEC /* ContentView.swift */,
				D9B0B68D207CDAE800B331B5 /* Assets.xcassets */,
				D9B0B68F207CDAE800B331B5 /* LaunchScreen.storyboard */,
				D9B0B692207CDAE800B331B5 /* Info.plist */,
			);
			path = laba1MOB;
			sourceTree = "<group>";
		};
/* End PBXGroup section */

/* Begin PBXNativeTarget section */
		D9B0B682207CDAE600B331B5 /* laba1MOB */ = {
			isa = PBXNativeTarget;
			buildConfigurationList = D9B0B695207CDAE800B331B5 /* Build configuration list for PBXNativeTarget "laba1MOB" */;
			buildPhases = (
				D9B0B67F207CDAE600B331B5 /* Sources */,
				D9B0B680207CDAE600B331B5 /* Frameworks */,
				D9B0B681207CDAE600B331B5 /* Resources */,
			);
			buildRules = (
			);
			dependencies = (
			);
			name = laba1MOB;
			productName = laba1MOB;
			productReference = D9B0B683207CDAE600B331B5 /* laba1MOB.app */;
			productType = "com.apple.product-type.application";
		};
/* End PBXNativeTarget section */

/* Begin PBXProject section */
		D9B0B67B207CDAE600B331B5 /* Project object */ = {
			isa = PBXProject;
			attributes = {
				LastSwiftUpdateCheck = 0930;
				LastUpgradeCheck = 0930;
				ORGANIZATIONNAME = "Тимур Кошевой";
				TargetAttributes = {
					D9B0B682207CDAE600B331B5 = {
						CreatedOnToolsVersion = 9.3;
					};
				};
			};
			buildConfigurationList = D9B0B67E207CDAE600B331B5 /* Build configuration list for PBXProject "laba1MOB" */;
			compatibilityVersion = "Xcode 9.3";
			developmentRegion = en;
			hasScannedForEncodings = 0;
			knownRegions = (
				en,
				Base,
			);
			mainGroup = D9B0B67A207CDAE600B331B5;
			productRefGroup = D9B0B684207CDAE600B331B5 /* Products */;
			projectDirPath = "";
			projectRoot = "";
			targets = (
				D9B0B682207CDAE600B331B5 /* laba1MOB */,
			);
		};
/* End PBXProject section */

/* Begin PBXResourcesBuildPhase section */
		D9B0B681207CDAE600B331B5 /* Resources */ = {
			isa = PBXResourcesBuildPhase;
			buildActionMask = 2147483647;
			files = (
				D9B0B691207CDAE800B331B5 /* LaunchScreen.storyboard in Resources */,
				D964FFB6207D450900EF105E /* Mouse.jpg in Resources */,
				D9B0B68E207CDAE800B331B5 /* Assets.xcassets in Resources */,
				D964FFB5207D450900EF105E /* Chupakabra.png in Resources */,
				D964FFB4207D450900EF105E /* Doge.jpeg in Resources */,
				D964FFAE207D430B00EF105E /* Cat.jpg in Resources */,
				D964FFB3207D450900EF105E /* Hamster.jpeg in Resources */,
				D9B0B68C207CDAE600B331B5 /* Main.storyboard in Resources */,
			);
			runOnlyForDeploymentPostprocessing = 0;
		};
/* End PBXResourcesBuildPhase section */

/* Begin PBXSourcesBuildPhase section */
		D9B0B67F207CDAE600B331B5 /* Sources */ = {
			isa = PBXSourcesBuildPhase;
			buildActionMask = 2147483647;
			files = (
				D9B0B689207CDAE600B331B5 /* ViewController.swift in Sources */,
				D9B0B687207CDAE600B331B5 /* AppDelegate.swift in Sources */,
				D9F185DA20AB707900C2DDEC /* ContentView.swift in Sources */,
				D9F185DC20AB760400C2DDEC /* HomeViewController.swift in Sources */,
			);
			runOnlyForDeploymentPostprocessing = 0;
		};
/* End PBXSourcesBuildPhase section */

/* Begin PBXVariantGroup section */
		D9B0B68A207CDAE600B331B5 /* Main.storyboard */ = {
			isa = PBXVariantGroup;
			children = (
				D9B0B68B207CDAE600B331B5 /* Base */,
			);
			name = Main.storyboard;
			sourceTree = "<group>";
		};
		D9B0B68F207CDAE800B331B5 /* LaunchScreen.storyboard */ = {
			isa = PBXVariantGroup;
			children = (
				D9B0B690207CDAE800B331B5 /* Base */,
			);
			name = LaunchScreen.storyboard;
			sourceTree = "<group>";
		};
/* End PBXVariantGroup section */

/* Begin XCBuildConfiguration section */
		D9B0B693207CDAE800B331B5 /* Debug */ = {
			isa = XCBuildConfiguration;
			buildSettings = {
				ALWAYS_SEARCH_USER_PATHS = NO;
				CLANG_ANALYZER_NONNULL = YES;
				CLANG_ANALYZER_NUMBER_OBJECT_CONVERSION = YES_AGGRESSIVE;
				CLANG_CXX_LANGUAGE_STANDARD = "gnu++14";
				CLANG_CXX_LIBRARY = "libc++";
				CLANG_ENABLE_MODULES = YES;
				CLANG_ENABLE_OBJC_ARC = YES;
				CLANG_ENABLE_OBJC_WEAK = YES;
				CLANG_WARN_BLOCK_CAPTURE_AUTORELEASING = YES;
				CLANG_WARN_BOOL_CONVERSION = YES;
				CLANG_WARN_COMMA = YES;
				CLANG_WARN_CONSTANT_CONVERSION = YES;
				CLANG_WARN_DEPRECATED_OBJC_IMPLEMENTATIONS = YES;
				CLANG_WARN_DIRECT_OBJC_ISA_USAGE = YES_ERROR;
				CLANG_WARN_DOCUMENTATION_COMMENTS = YES;
				CLANG_WARN_EMPTY_BODY = YES;
				CLANG_WARN_ENUM_CONVERSION = YES;
				CLANG_WARN_INFINITE_RECURSION = YES;
				CLANG_WARN_INT_CONVERSION = YES;
				CLANG_WARN_NON_LITERAL_NULL_CONVERSION = YES;
				CLANG_WARN_OBJC_IMPLICIT_RETAIN_SELF = YES;
				CLANG_WARN_OBJC_LITERAL_CONVERSION = YES;
				CLANG_WARN_OBJC_ROOT_CLASS = YES_ERROR;
				CLANG_WARN_RANGE_LOOP_ANALYSIS = YES;
				CLANG_WARN_STRICT_PROTOTYPES = YES;
				CLANG_WARN_SUSPICIOUS_MOVE = YES;
				CLANG_WARN_UNGUARDED_AVAILABILITY = YES_AGGRESSIVE;
				CLANG_WARN_UNREACHABLE_CODE = YES;
				CLANG_WARN__DUPLICATE_METHOD_MATCH = YES;
				CODE_SIGN_IDENTITY = "iPhone Developer";
				COPY_PHASE_STRIP = NO;
				DEBUG_INFORMATION_FORMAT = dwarf;
				ENABLE_STRICT_OBJC_MSGSEND = YES;
				ENABLE_TESTABILITY = YES;
				GCC_C_LANGUAGE_STANDARD = gnu11;
				GCC_DYNAMIC_NO_PIC = NO;
				GCC_NO_COMMON_BLOCKS = YES;
				GCC_OPTIMIZATION_LEVEL = 0;
				GCC_PREPROCESSOR_DEFINITIONS = (
					"DEBUG=1",
					"$(inherited)",
				);
				GCC_WARN_64_TO_32_BIT_CONVERSION = YES;
				GCC_WARN_ABOUT_RETURN_TYPE = YES_ERROR;
				GCC_WARN_UNDECLARED_SELECTOR = YES;
				GCC_WARN_UNINITIALIZED_AUTOS = YES_AGGRESSIVE;
				GCC_WARN_UNUSED_FUNCTION = YES;
				GCC_WARN_UNUSED_VARIABLE = YES;
				IPHONEOS_DEPLOYMENT_TARGET = 11.3;
				MTL_ENABLE_DEBUG_INFO = YES;
				ONLY_ACTIVE_ARCH = YES;
				SDKROOT = iphoneos;
				SWIFT_ACTIVE_COMPILATION_CONDITIONS = DEBUG;
				SWIFT_OPTIMIZATION_LEVEL = "-Onone";
			};
			name = Debug;
		};
		D9B0B694207CDAE800B331B5 /* Release */ = {
			isa = XCBuildConfiguration;
			buildSettings = {
				ALWAYS_SEARCH_USER_PATHS = NO;
				CLANG_ANALYZER_NONNULL = YES;
				CLANG_ANALYZER_NUMBER_OBJECT_CONVERSION = YES_AGGRESSIVE;
				CLANG_CXX_LANGUAGE_STANDARD = "gnu++14";
				CLANG_CXX_LIBRARY = "libc++";
				CLANG_ENABLE_MODULES = YES;
				CLANG_ENABLE_OBJC_ARC = YES;
				CLANG_ENABLE_OBJC_WEAK = YES;
				CLANG_WARN_BLOCK_CAPTURE_AUTORELEASING = YES;
				CLANG_WARN_BOOL_CONVERSION = YES;
				CLANG_WARN_COMMA = YES;
				CLANG_WARN_CONSTANT_CONVERSION = YES;
				CLANG_WARN_DEPRECATED_OBJC_IMPLEMENTATIONS = YES;
				CLANG_WARN_DIRECT_OBJC_ISA_USAGE = YES_ERROR;
				CLANG_WARN_DOCUMENTATION_COMMENTS = YES;
				CLANG_WARN_EMPTY_BODY = YES;
				CLANG_WARN_ENUM_CONVERSION = YES;
				CLANG_WARN_INFINITE_RECURSION = YES;
				CLANG_WARN_INT_CONVERSION = YES;
				CLANG_WARN_NON_LITERAL_NULL_CONVERSION = YES;
				CLANG_WARN_OBJC_IMPLICIT_RETAIN_SELF = YES;
				CLANG_WARN_OBJC_LITERAL_CONVERSION = YES;
				CLANG_WARN_OBJC_ROOT_CLASS = YES_ERROR;
				CLANG_WARN_RANGE_LOOP_ANALYSIS = YES;
				CLANG_WARN_STRICT_PROTOTYPES = YES;
				CLANG_WARN_SUSPICIOUS_MOVE = YES;
				CLANG_WARN_UNGUARDED_AVAILABILITY = YES_AGGRESSIVE;
				CLANG_WARN_UNREACHABLE_CODE = YES;
				CLANG_WARN__DUPLICATE_METHOD_MATCH = YES;
				CODE_SIGN_IDENTITY = "iPhone Developer";
				COPY_PHASE_STRIP = NO;
				DEBUG_INFORMATION_FORMAT = "dwarf-with-dsym";
				ENABLE_NS_ASSERTIONS = NO;
				ENABLE_STRICT_OBJC_MSGSEND = YES;
				GCC_C_LANGUAGE_STANDARD = gnu11;
				GCC_NO_COMMON_BLOCKS = YES;
				GCC_WARN_64_TO_32_BIT_CONVERSION = YES;
				GCC_WARN_ABOUT_RETURN_TYPE = YES_ERROR;
				GCC_WARN_UNDECLARED_SELECTOR = YES;
				GCC_WARN_UNINITIALIZED_AUTOS = YES_AGGRESSIVE;
				GCC_WARN_UNUSED_FUNCTION = YES;
				GCC_WARN_UNUSED_VARIABLE = YES;
				IPHONEOS_DEPLOYMENT_TARGET = 11.3;
				MTL_ENABLE_DEBUG_INFO = NO;
				SDKROOT = iphoneos;
				SWIFT_COMPILATION_MODE = wholemodule;
				SWIFT_OPTIMIZATION_LEVEL = "-O";
				VALIDATE_PRODUCT = YES;
			};
			name = Release;
		};
		D9B0B696207CDAE800B331B5 /* Debug */ = {
			isa = XCBuildConfiguration;
			buildSettings = {
				ASSETCATALOG_COMPILER_APPICON_NAME = AppIcon;
				CODE_SIGN_STYLE = Automatic;
				DEVELOPMENT_TEAM = H9FL6Z93F8;
				INFOPLIST_FILE = laba1MOB/Info.plist;
				LD_RUNPATH_SEARCH_PATHS = (
					"$(inherited)",
					"@executable_path/Frameworks",
				);
				PRODUCT_BUNDLE_IDENTIFIER = com.timur.laba1MOB;
				PRODUCT_NAME = "$(TARGET_NAME)";
				SWIFT_VERSION = 4.0;
				TARGETED_DEVICE_FAMILY = "1,2";
			};
			name = Debug;
		};
		D9B0B697207CDAE800B331B5 /* Release */ = {
			isa = XCBuildConfiguration;
			buildSettings = {
				ASSETCATALOG_COMPILER_APPICON_NAME = AppIcon;
				CODE_SIGN_STYLE = Automatic;
				DEVELOPMENT_TEAM = H9FL6Z93F8;
				INFOPLIST_FILE = laba1MOB/Info.plist;
				LD_RUNPATH_SEARCH_PATHS = (
					"$(inherited)",
					"@executable_path/Frameworks",
				);
				PRODUCT_BUNDLE_IDENTIFIER = com.timur.laba1MOB;
				PRODUCT_NAME = "$(TARGET_NAME)";
				SWIFT_VERSION = 4.0;
				TARGETED_DEVICE_FAMILY = "1,2";
			};
			name = Release;
		};
/* End XCBuildConfiguration section */

/* Begin XCConfigurationList section */
		D9B0B67E207CDAE600B331B5 /* Build configuration list for PBXProject "laba1MOB" */ = {
			isa = XCConfigurationList;
			buildConfigurations = (
				D9B0B693207CDAE800B331B5 /* Debug */,
				D9B0B694207CDAE800B331B5 /* Release */,
			);
			defaultConfigurationIsVisible = 0;
			defaultConfigurationName = Release;
		};
		D9B0B695207CDAE800B331B5 /* Build configuration list for PBXNativeTarget "laba1MOB" */ = {
			isa = XCConfigurationList;
			buildConfigurations = (
				D9B0B696207CDAE800B331B5 /* Debug */,
				D9B0B697207CDAE800B331B5 /* Release */,
			);
			defaultConfigurationIsVisible = 0;
			defaultConfigurationName = Release;
		};
/* End XCConfigurationList section */
	};
	rootObject = D9B0B67B207CDAE600B331B5 /* Project object */;
}
